
Microsoft Visual Studio Solution File, Format Version 12.00
# Visual Studio Version 17
VisualStudioVersion = 17.8.34330.188
MinimumVisualStudioVersion = 10.0.40219.1
Project("{FAE04EC0-301F-11D3-BF4B-00C04F79EFBC}") = "OlasılıkProblemi", "OlasılıkProblemi\OlasılıkProblemi.csproj", "{59822C81-0A9E-4F85-AC7B-7EF5848B5F52}"
EndProject
Global
	GlobalSection(SolutionConfigurationPlatforms) = preSolution
		Debug|Any CPU = Debug|Any CPU
		Release|Any CPU = Release|Any CPU
	EndGlobalSection
	GlobalSection(ProjectConfigurationPlatforms) = postSolution
		{59822C81-0A9E-4F85-AC7B-7EF5848B5F52}.Debug|Any CPU.ActiveCfg = Debug|Any CPU
		{59822C81-0A9E-4F85-AC7B-7EF5848B5F52}.Debug|Any CPU.Build.0 = Debug|Any CPU
		{59822C81-0A9E-4F85-AC7B-7EF5848B5F52}.Release|Any CPU.ActiveCfg = Release|Any CPU
		{59822C81-0A9E-4F85-AC7B-7EF5848B5F52}.Release|Any CPU.Build.0 = Release|Any CPU
	EndGlobalSection
	GlobalSection(SolutionProperties) = preSolution
		HideSolutionNode = FALSE
	EndGlobalSection
	GlobalSection(ExtensibilityGlobals) = postSolution
		SolutionGuid = {AD1869ED-A709-4D0E-908C-9CA849F2B668}
	EndGlobalSection
EndGlobal
